// !$*UTF8*$!
{
	archiveVersion = 1;
	classes = {
	};
	objectVersion = 55;
	objects = {

/* Begin PBXBuildFile section */
		6429714C2725E0D0B198A0DC /* Pods_SimpleOuiz_SimpleOuizUITests.framework in Frameworks */ = {isa = PBXBuildFile; fileRef = C099101D8FC69CF9D5FD8896 /* Pods_SimpleOuiz_SimpleOuizUITests.framework */; };
		6D064882285313AA00347F20 /* batu-cutout.png in Resources */ = {isa = PBXBuildFile; fileRef = 6D064881285313AA00347F20 /* batu-cutout.png */; };
		6D064884285313B900347F20 /* maru-cutout.png in Resources */ = {isa = PBXBuildFile; fileRef = 6D064883285313B900347F20 /* maru-cutout.png */; };
		6D06488628531BB000347F20 /* SelectLevelViewController.swift in Sources */ = {isa = PBXBuildFile; fileRef = 6D06488528531BB000347F20 /* SelectLevelViewController.swift */; };
		6D0648882853210E00347F20 /* Quiz2.csv in Resources */ = {isa = PBXBuildFile; fileRef = 6D0648872853210E00347F20 /* Quiz2.csv */; };
		6D06488A2853213E00347F20 /* Quiz3.csv in Resources */ = {isa = PBXBuildFile; fileRef = 6D0648892853213E00347F20 /* Quiz3.csv */; };
		6D2C03992850150200C0D11E /* Quiz1.csv in Resources */ = {isa = PBXBuildFile; fileRef = 6D2C03982850150200C0D11E /* Quiz1.csv */; };
		6DA16A3A284DE0350048B8CC /* AppDelegate.swift in Sources */ = {isa = PBXBuildFile; fileRef = 6DA16A39284DE0350048B8CC /* AppDelegate.swift */; };
		6DA16A3C284DE0350048B8CC /* SceneDelegate.swift in Sources */ = {isa = PBXBuildFile; fileRef = 6DA16A3B284DE0350048B8CC /* SceneDelegate.swift */; };
		6DA16A3E284DE0350048B8CC /* ViewController.swift in Sources */ = {isa = PBXBuildFile; fileRef = 6DA16A3D284DE0350048B8CC /* ViewController.swift */; };
		6DA16A41284DE0350048B8CC /* Main.storyboard in Resources */ = {isa = PBXBuildFile; fileRef = 6DA16A3F284DE0350048B8CC /* Main.storyboard */; };
		6DA16A43284DE0370048B8CC /* Assets.xcassets in Resources */ = {isa = PBXBuildFile; fileRef = 6DA16A42284DE0370048B8CC /* Assets.xcassets */; };
		6DA16A46284DE0370048B8CC /* LaunchScreen.storyboard in Resources */ = {isa = PBXBuildFile; fileRef = 6DA16A44284DE0370048B8CC /* LaunchScreen.storyboard */; };
		6DA16A51284DE0370048B8CC /* SimpleOuizTests.swift in Sources */ = {isa = PBXBuildFile; fileRef = 6DA16A50284DE0370048B8CC /* SimpleOuizTests.swift */; };
		6DA16A5B284DE0370048B8CC /* SimpleOuizUITests.swift in Sources */ = {isa = PBXBuildFile; fileRef = 6DA16A5A284DE0370048B8CC /* SimpleOuizUITests.swift */; };
		6DA16A5D284DE0370048B8CC /* SimpleOuizUITestsLaunchTests.swift in Sources */ = {isa = PBXBuildFile; fileRef = 6DA16A5C284DE0370048B8CC /* SimpleOuizUITestsLaunchTests.swift */; };
		6DA16A6A284DE1CE0048B8CC /* QuizViewController.swift in Sources */ = {isa = PBXBuildFile; fileRef = 6DA16A69284DE1CE0048B8CC /* QuizViewController.swift */; };
		6DA16A6C284DE2790048B8CC /* ScoreViewController.swift in Sources */ = {isa = PBXBuildFile; fileRef = 6DA16A6B284DE2790048B8CC /* ScoreViewController.swift */; };
		8CFDC863E9F8D5AF93EE992A /* Pods_SimpleOuizTests.framework in Frameworks */ = {isa = PBXBuildFile; fileRef = 12618B9C11745F3AD985B547 /* Pods_SimpleOuizTests.framework */; };
		B6AF5EBB05E5E11542CF0409 /* Pods_SimpleOuiz.framework in Frameworks */ = {isa = PBXBuildFile; fileRef = 1FC230DFC8F4735DAE7E97F4 /* Pods_SimpleOuiz.framework */; };
/* End PBXBuildFile section */

/* Begin PBXContainerItemProxy section */
		6DA16A4D284DE0370048B8CC /* PBXContainerItemProxy */ = {
			isa = PBXContainerItemProxy;
			containerPortal = 6DA16A2E284DE0350048B8CC /* Project object */;
			proxyType = 1;
			remoteGlobalIDString = 6DA16A35284DE0350048B8CC;
			remoteInfo = SimpleOuiz;
		};
		6DA16A57284DE0370048B8CC /* PBXContainerItemProxy */ = {
			isa = PBXContainerItemProxy;
			containerPortal = 6DA16A2E284DE0350048B8CC /* Project object */;
			proxyType = 1;
			remoteGlobalIDString = 6DA16A35284DE0350048B8CC;
			remoteInfo = SimpleOuiz;
		};
/* End PBXContainerItemProxy section */

/* Begin PBXFileReference section */
		12618B9C11745F3AD985B547 /* Pods_SimpleOuizTests.framework */ = {isa = PBXFileReference; explicitFileType = wrapper.framework; includeInIndex = 0; path = Pods_SimpleOuizTests.framework; sourceTree = BUILT_PRODUCTS_DIR; };
		1FC230DFC8F4735DAE7E97F4 /* Pods_SimpleOuiz.framework */ = {isa = PBXFileReference; explicitFileType = wrapper.framework; includeInIndex = 0; path = Pods_SimpleOuiz.framework; sourceTree = BUILT_PRODUCTS_DIR; };
		2397DCD79E409822D317D1DD /* Pods-SimpleOuizTests.debug.xcconfig */ = {isa = PBXFileReference; includeInIndex = 1; lastKnownFileType = text.xcconfig; name = "Pods-SimpleOuizTests.debug.xcconfig"; path = "Target Support Files/Pods-SimpleOuizTests/Pods-SimpleOuizTests.debug.xcconfig"; sourceTree = "<group>"; };
		304BC0ACBF34D0C15D6F867C /* Pods-SimpleOuiz.debug.xcconfig */ = {isa = PBXFileReference; includeInIndex = 1; lastKnownFileType = text.xcconfig; name = "Pods-SimpleOuiz.debug.xcconfig"; path = "Target Support Files/Pods-SimpleOuiz/Pods-SimpleOuiz.debug.xcconfig"; sourceTree = "<group>"; };
		6947E02F3FF05C71BD423BD6 /* Pods-SimpleOuiz-SimpleOuizUITests.debug.xcconfig */ = {isa = PBXFileReference; includeInIndex = 1; lastKnownFileType = text.xcconfig; name = "Pods-SimpleOuiz-SimpleOuizUITests.debug.xcconfig"; path = "Target Support Files/Pods-SimpleOuiz-SimpleOuizUITests/Pods-SimpleOuiz-SimpleOuizUITests.debug.xcconfig"; sourceTree = "<group>"; };
		6D064881285313AA00347F20 /* batu-cutout.png */ = {isa = PBXFileReference; lastKnownFileType = image.png; path = "batu-cutout.png"; sourceTree = "<group>"; };
		6D064883285313B900347F20 /* maru-cutout.png */ = {isa = PBXFileReference; lastKnownFileType = image.png; path = "maru-cutout.png"; sourceTree = "<group>"; };
		6D06488528531BB000347F20 /* SelectLevelViewController.swift */ = {isa = PBXFileReference; lastKnownFileType = sourcecode.swift; path = SelectLevelViewController.swift; sourceTree = "<group>"; };
		6D0648872853210E00347F20 /* Quiz2.csv */ = {isa = PBXFileReference; lastKnownFileType = text; path = Quiz2.csv; sourceTree = "<group>"; };
		6D0648892853213E00347F20 /* Quiz3.csv */ = {isa = PBXFileReference; lastKnownFileType = text; path = Quiz3.csv; sourceTree = "<group>"; };
		6D2C03982850150200C0D11E /* Quiz1.csv */ = {isa = PBXFileReference; lastKnownFileType = text; path = Quiz1.csv; sourceTree = "<group>"; };
		6DA16A36284DE0350048B8CC /* SimpleOuiz.app */ = {isa = PBXFileReference; explicitFileType = wrapper.application; includeInIndex = 0; path = SimpleOuiz.app; sourceTree = BUILT_PRODUCTS_DIR; };
		6DA16A39284DE0350048B8CC /* AppDelegate.swift */ = {isa = PBXFileReference; lastKnownFileType = sourcecode.swift; path = AppDelegate.swift; sourceTree = "<group>"; };
		6DA16A3B284DE0350048B8CC /* SceneDelegate.swift */ = {isa = PBXFileReference; lastKnownFileType = sourcecode.swift; path = SceneDelegate.swift; sourceTree = "<group>"; };
		6DA16A3D284DE0350048B8CC /* ViewController.swift */ = {isa = PBXFileReference; lastKnownFileType = sourcecode.swift; path = ViewController.swift; sourceTree = "<group>"; };
		6DA16A40284DE0350048B8CC /* Base */ = {isa = PBXFileReference; lastKnownFileType = file.storyboard; name = Base; path = Base.lproj/Main.storyboard; sourceTree = "<group>"; };
		6DA16A42284DE0370048B8CC /* Assets.xcassets */ = {isa = PBXFileReference; lastKnownFileType = folder.assetcatalog; path = Assets.xcassets; sourceTree = "<group>"; };
		6DA16A45284DE0370048B8CC /* Base */ = {isa = PBXFileReference; lastKnownFileType = file.storyboard; name = Base; path = Base.lproj/LaunchScreen.storyboard; sourceTree = "<group>"; };
		6DA16A47284DE0370048B8CC /* Info.plist */ = {isa = PBXFileReference; lastKnownFileType = text.plist.xml; path = Info.plist; sourceTree = "<group>"; };
		6DA16A4C284DE0370048B8CC /* SimpleOuizTests.xctest */ = {isa = PBXFileReference; explicitFileType = wrapper.cfbundle; includeInIndex = 0; path = SimpleOuizTests.xctest; sourceTree = BUILT_PRODUCTS_DIR; };
		6DA16A50284DE0370048B8CC /* SimpleOuizTests.swift */ = {isa = PBXFileReference; lastKnownFileType = sourcecode.swift; path = SimpleOuizTests.swift; sourceTree = "<group>"; };
		6DA16A56284DE0370048B8CC /* SimpleOuizUITests.xctest */ = {isa = PBXFileReference; explicitFileType = wrapper.cfbundle; includeInIndex = 0; path = SimpleOuizUITests.xctest; sourceTree = BUILT_PRODUCTS_DIR; };
		6DA16A5A284DE0370048B8CC /* SimpleOuizUITests.swift */ = {isa = PBXFileReference; lastKnownFileType = sourcecode.swift; path = SimpleOuizUITests.swift; sourceTree = "<group>"; };
		6DA16A5C284DE0370048B8CC /* SimpleOuizUITestsLaunchTests.swift */ = {isa = PBXFileReference; lastKnownFileType = sourcecode.swift; path = SimpleOuizUITestsLaunchTests.swift; sourceTree = "<group>"; };
		6DA16A69284DE1CE0048B8CC /* QuizViewController.swift */ = {isa = PBXFileReference; lastKnownFileType = sourcecode.swift; path = QuizViewController.swift; sourceTree = "<group>"; };
		6DA16A6B284DE2790048B8CC /* ScoreViewController.swift */ = {isa = PBXFileReference; lastKnownFileType = sourcecode.swift; path = ScoreViewController.swift; sourceTree = "<group>"; };
		79177102AB8CBD0BB1B4B2C8 /* Pods-SimpleOuiz.release.xcconfig */ = {isa = PBXFileReference; includeInIndex = 1; lastKnownFileType = text.xcconfig; name = "Pods-SimpleOuiz.release.xcconfig"; path = "Target Support Files/Pods-SimpleOuiz/Pods-SimpleOuiz.release.xcconfig"; sourceTree = "<group>"; };
		A1C201F3EAC347C6EE55C0D1 /* Pods-SimpleOuizTests.release.xcconfig */ = {isa = PBXFileReference; includeInIndex = 1; lastKnownFileType = text.xcconfig; name = "Pods-SimpleOuizTests.release.xcconfig"; path = "Target Support Files/Pods-SimpleOuizTests/Pods-SimpleOuizTests.release.xcconfig"; sourceTree = "<group>"; };
		A89E3165CE64BF9C65018D54 /* Pods-SimpleOuiz-SimpleOuizUITests.release.xcconfig */ = {isa = PBXFileReference; includeInIndex = 1; lastKnownFileType = text.xcconfig; name = "Pods-SimpleOuiz-SimpleOuizUITests.release.xcconfig"; path = "Target Support Files/Pods-SimpleOuiz-SimpleOuizUITests/Pods-SimpleOuiz-SimpleOuizUITests.release.xcconfig"; sourceTree = "<group>"; };
		C099101D8FC69CF9D5FD8896 /* Pods_SimpleOuiz_SimpleOuizUITests.framework */ = {isa = PBXFileReference; explicitFileType = wrapper.framework; includeInIndex = 0; path = Pods_SimpleOuiz_SimpleOuizUITests.framework; sourceTree = BUILT_PRODUCTS_DIR; };
/* End PBXFileReference section */

/* Begin PBXFrameworksBuildPhase section */
		6DA16A33284DE0350048B8CC /* Frameworks */ = {
			isa = PBXFrameworksBuildPhase;
			buildActionMask = 2147483647;
			files = (
				B6AF5EBB05E5E11542CF0409 /* Pods_SimpleOuiz.framework in Frameworks */,
			);
			runOnlyForDeploymentPostprocessing = 0;
		};
		6DA16A49284DE0370048B8CC /* Frameworks */ = {
			isa = PBXFrameworksBuildPhase;
			buildActionMask = 2147483647;
			files = (
				8CFDC863E9F8D5AF93EE992A /* Pods_SimpleOuizTests.framework in Frameworks */,
			);
			runOnlyForDeploymentPostprocessing = 0;
		};
		6DA16A53284DE0370048B8CC /* Frameworks */ = {
			isa = PBXFrameworksBuildPhase;
			buildActionMask = 2147483647;
			files = (
				6429714C2725E0D0B198A0DC /* Pods_SimpleOuiz_SimpleOuizUITests.framework in Frameworks */,
			);
			runOnlyForDeploymentPostprocessing = 0;
		};
/* End PBXFrameworksBuildPhase section */

/* Begin PBXGroup section */
		6D1286E928508BCB00946C16 /* marubatu 1 */ = {
			isa = PBXGroup;
			children = (
				6D064883285313B900347F20 /* maru-cutout.png */,
				6D064881285313AA00347F20 /* batu-cutout.png */,
			);
			path = "marubatu 1";
			sourceTree = "<group>";
		};
		6DA16A2D284DE0350048B8CC = {
			isa = PBXGroup;
			children = (
				6DA16A38284DE0350048B8CC /* SimpleOuiz */,
				6DA16A4F284DE0370048B8CC /* SimpleOuizTests */,
				6DA16A59284DE0370048B8CC /* SimpleOuizUITests */,
				6DA16A37284DE0350048B8CC /* Products */,
				6EB7903B90D5C1B2A97DDA02 /* Pods */,
				99CBE0F8DBCC6C8E87DB11A9 /* Frameworks */,
			);
			sourceTree = "<group>";
		};
		6DA16A37284DE0350048B8CC /* Products */ = {
			isa = PBXGroup;
			children = (
				6DA16A36284DE0350048B8CC /* SimpleOuiz.app */,
				6DA16A4C284DE0370048B8CC /* SimpleOuizTests.xctest */,
				6DA16A56284DE0370048B8CC /* SimpleOuizUITests.xctest */,
			);
			name = Products;
			sourceTree = "<group>";
		};
		6DA16A38284DE0350048B8CC /* SimpleOuiz */ = {
			isa = PBXGroup;
			children = (
				6DA16A39284DE0350048B8CC /* AppDelegate.swift */,
				6DA16A3B284DE0350048B8CC /* SceneDelegate.swift */,
				6DA16A3D284DE0350048B8CC /* ViewController.swift */,
				6DA16A3F284DE0350048B8CC /* Main.storyboard */,
				6D2C03982850150200C0D11E /* Quiz1.csv */,
				6D0648872853210E00347F20 /* Quiz2.csv */,
				6D0648892853213E00347F20 /* Quiz3.csv */,
				6DA16A6B284DE2790048B8CC /* ScoreViewController.swift */,
				6DA16A69284DE1CE0048B8CC /* QuizViewController.swift */,
				6D1286E928508BCB00946C16 /* marubatu 1 */,
				6DA16A42284DE0370048B8CC /* Assets.xcassets */,
				6DA16A44284DE0370048B8CC /* LaunchScreen.storyboard */,
				6DA16A47284DE0370048B8CC /* Info.plist */,
				6D06488528531BB000347F20 /* SelectLevelViewController.swift */,
			);
			path = SimpleOuiz;
			sourceTree = "<group>";
		};
		6DA16A4F284DE0370048B8CC /* SimpleOuizTests */ = {
			isa = PBXGroup;
			children = (
				6DA16A50284DE0370048B8CC /* SimpleOuizTests.swift */,
			);
			path = SimpleOuizTests;
			sourceTree = "<group>";
		};
		6DA16A59284DE0370048B8CC /* SimpleOuizUITests */ = {
			isa = PBXGroup;
			children = (
				6DA16A5A284DE0370048B8CC /* SimpleOuizUITests.swift */,
				6DA16A5C284DE0370048B8CC /* SimpleOuizUITestsLaunchTests.swift */,
			);
			path = SimpleOuizUITests;
			sourceTree = "<group>";
		};
		6EB7903B90D5C1B2A97DDA02 /* Pods */ = {
			isa = PBXGroup;
			children = (
				304BC0ACBF34D0C15D6F867C /* Pods-SimpleOuiz.debug.xcconfig */,
				79177102AB8CBD0BB1B4B2C8 /* Pods-SimpleOuiz.release.xcconfig */,
				6947E02F3FF05C71BD423BD6 /* Pods-SimpleOuiz-SimpleOuizUITests.debug.xcconfig */,
				A89E3165CE64BF9C65018D54 /* Pods-SimpleOuiz-SimpleOuizUITests.release.xcconfig */,
				2397DCD79E409822D317D1DD /* Pods-SimpleOuizTests.debug.xcconfig */,
				A1C201F3EAC347C6EE55C0D1 /* Pods-SimpleOuizTests.release.xcconfig */,
			);
			name = Pods;
			path = Pods;
			sourceTree = "<group>";
		};
		99CBE0F8DBCC6C8E87DB11A9 /* Frameworks */ = {
			isa = PBXGroup;
			children = (
				1FC230DFC8F4735DAE7E97F4 /* Pods_SimpleOuiz.framework */,
				C099101D8FC69CF9D5FD8896 /* Pods_SimpleOuiz_SimpleOuizUITests.framework */,
				12618B9C11745F3AD985B547 /* Pods_SimpleOuizTests.framework */,
			);
			name = Frameworks;
			sourceTree = "<group>";
		};
/* End PBXGroup section */

/* Begin PBXNativeTarget section */
		6DA16A35284DE0350048B8CC /* SimpleOuiz */ = {
			isa = PBXNativeTarget;
			buildConfigurationList = 6DA16A60284DE0370048B8CC /* Build configuration list for PBXNativeTarget "SimpleOuiz" */;
			buildPhases = (
				F548B5D0DE32E976650F931D /* [CP] Check Pods Manifest.lock */,
				6DA16A32284DE0350048B8CC /* Sources */,
				6DA16A33284DE0350048B8CC /* Frameworks */,
				6DA16A34284DE0350048B8CC /* Resources */,
				6DA007892781738911069B44 /* [CP] Embed Pods Frameworks */,
			);
			buildRules = (
			);
			dependencies = (
			);
			name = SimpleOuiz;
			productName = SimpleOuiz;
			productReference = 6DA16A36284DE0350048B8CC /* SimpleOuiz.app */;
			productType = "com.apple.product-type.application";
		};
		6DA16A4B284DE0370048B8CC /* SimpleOuizTests */ = {
			isa = PBXNativeTarget;
			buildConfigurationList = 6DA16A63284DE0370048B8CC /* Build configuration list for PBXNativeTarget "SimpleOuizTests" */;
			buildPhases = (
				57D15FE6D0ED9444DDEA2E68 /* [CP] Check Pods Manifest.lock */,
				6DA16A48284DE0370048B8CC /* Sources */,
				6DA16A49284DE0370048B8CC /* Frameworks */,
				6DA16A4A284DE0370048B8CC /* Resources */,
			);
			buildRules = (
			);
			dependencies = (
				6DA16A4E284DE0370048B8CC /* PBXTargetDependency */,
			);
			name = SimpleOuizTests;
			productName = SimpleOuizTests;
			productReference = 6DA16A4C284DE0370048B8CC /* SimpleOuizTests.xctest */;
			productType = "com.apple.product-type.bundle.unit-test";
		};
		6DA16A55284DE0370048B8CC /* SimpleOuizUITests */ = {
			isa = PBXNativeTarget;
			buildConfigurationList = 6DA16A66284DE0370048B8CC /* Build configuration list for PBXNativeTarget "SimpleOuizUITests" */;
			buildPhases = (
				8AB0124861A646D2A41FCB98 /* [CP] Check Pods Manifest.lock */,
				6DA16A52284DE0370048B8CC /* Sources */,
				6DA16A53284DE0370048B8CC /* Frameworks */,
				6DA16A54284DE0370048B8CC /* Resources */,
				765252A26C8B8AADE6D07841 /* [CP] Embed Pods Frameworks */,
			);
			buildRules = (
			);
			dependencies = (
				6DA16A58284DE0370048B8CC /* PBXTargetDependency */,
			);
			name = SimpleOuizUITests;
			productName = SimpleOuizUITests;
			productReference = 6DA16A56284DE0370048B8CC /* SimpleOuizUITests.xctest */;
			productType = "com.apple.product-type.bundle.ui-testing";
		};
/* End PBXNativeTarget section */

/* Begin PBXProject section */
		6DA16A2E284DE0350048B8CC /* Project object */ = {
			isa = PBXProject;
			attributes = {
				BuildIndependentTargetsInParallel = 1;
				LastSwiftUpdateCheck = 1320;
				LastUpgradeCheck = 1320;
				TargetAttributes = {
					6DA16A35284DE0350048B8CC = {
						CreatedOnToolsVersion = 13.2.1;
					};
					6DA16A4B284DE0370048B8CC = {
						CreatedOnToolsVersion = 13.2.1;
						TestTargetID = 6DA16A35284DE0350048B8CC;
					};
					6DA16A55284DE0370048B8CC = {
						CreatedOnToolsVersion = 13.2.1;
						TestTargetID = 6DA16A35284DE0350048B8CC;
					};
				};
			};
			buildConfigurationList = 6DA16A31284DE0350048B8CC /* Build configuration list for PBXProject "SimpleOuiz" */;
			compatibilityVersion = "Xcode 13.0";
			developmentRegion = en;
			hasScannedForEncodings = 0;
			knownRegions = (
				en,
				Base,
			);
			mainGroup = 6DA16A2D284DE0350048B8CC;
			productRefGroup = 6DA16A37284DE0350048B8CC /* Products */;
			projectDirPath = "";
			projectRoot = "";
			targets = (
				6DA16A35284DE0350048B8CC /* SimpleOuiz */,
				6DA16A4B284DE0370048B8CC /* SimpleOuizTests */,
				6DA16A55284DE0370048B8CC /* SimpleOuizUITests */,
			);
		};
/* End PBXProject section */

/* Begin PBXResourcesBuildPhase section */
		6DA16A34284DE0350048B8CC /* Resources */ = {
			isa = PBXResourcesBuildPhase;
			buildActionMask = 2147483647;
			files = (
				6D0648882853210E00347F20 /* Quiz2.csv in Resources */,
				6DA16A46284DE0370048B8CC /* LaunchScreen.storyboard in Resources */,
				6DA16A43284DE0370048B8CC /* Assets.xcassets in Resources */,
				6D064884285313B900347F20 /* maru-cutout.png in Resources */,
				6DA16A41284DE0350048B8CC /* Main.storyboard in Resources */,
				6D2C03992850150200C0D11E /* Quiz1.csv in Resources */,
				6D064882285313AA00347F20 /* batu-cutout.png in Resources */,
				6D06488A2853213E00347F20 /* Quiz3.csv in Resources */,
			);
			runOnlyForDeploymentPostprocessing = 0;
		};
		6DA16A4A284DE0370048B8CC /* Resources */ = {
			isa = PBXResourcesBuildPhase;
			buildActionMask = 2147483647;
			files = (
			);
			runOnlyForDeploymentPostprocessing = 0;
		};
		6DA16A54284DE0370048B8CC /* Resources */ = {
			isa = PBXResourcesBuildPhase;
			buildActionMask = 2147483647;
			files = (
			);
			runOnlyForDeploymentPostprocessing = 0;
		};
/* End PBXResourcesBuildPhase section */

/* Begin PBXShellScriptBuildPhase section */
		57D15FE6D0ED9444DDEA2E68 /* [CP] Check Pods Manifest.lock */ = {
			isa = PBXShellScriptBuildPhase;
			buildActionMask = 2147483647;
			files = (
			);
			inputFileListPaths = (
			);
			inputPaths = (
				"${PODS_PODFILE_DIR_PATH}/Podfile.lock",
				"${PODS_ROOT}/Manifest.lock",
			);
			name = "[CP] Check Pods Manifest.lock";
			outputFileListPaths = (
			);
			outputPaths = (
				"$(DERIVED_FILE_DIR)/Pods-SimpleOuizTests-checkManifestLockResult.txt",
			);
			runOnlyForDeploymentPostprocessing = 0;
			shellPath = /bin/sh;
			shellScript = "diff \"${PODS_PODFILE_DIR_PATH}/Podfile.lock\" \"${PODS_ROOT}/Manifest.lock\" > /dev/null\nif [ $? != 0 ] ; then\n    # print error to STDERR\n    echo \"error: The sandbox is not in sync with the Podfile.lock. Run 'pod install' or update your CocoaPods installation.\" >&2\n    exit 1\nfi\n# This output is used by Xcode 'outputs' to avoid re-running this script phase.\necho \"SUCCESS\" > \"${SCRIPT_OUTPUT_FILE_0}\"\n";
			showEnvVarsInLog = 0;
		};
		6DA007892781738911069B44 /* [CP] Embed Pods Frameworks */ = {
			isa = PBXShellScriptBuildPhase;
			buildActionMask = 2147483647;
			files = (
			);
			inputFileListPaths = (
				"${PODS_ROOT}/Target Support Files/Pods-SimpleOuiz/Pods-SimpleOuiz-frameworks-${CONFIGURATION}-input-files.xcfilelist",
			);
			name = "[CP] Embed Pods Frameworks";
			outputFileListPaths = (
				"${PODS_ROOT}/Target Support Files/Pods-SimpleOuiz/Pods-SimpleOuiz-frameworks-${CONFIGURATION}-output-files.xcfilelist",
			);
			runOnlyForDeploymentPostprocessing = 0;
			shellPath = /bin/sh;
			shellScript = "\"${PODS_ROOT}/Target Support Files/Pods-SimpleOuiz/Pods-SimpleOuiz-frameworks.sh\"\n";
			showEnvVarsInLog = 0;
		};
		765252A26C8B8AADE6D07841 /* [CP] Embed Pods Frameworks */ = {
			isa = PBXShellScriptBuildPhase;
			buildActionMask = 2147483647;
			files = (
			);
			inputFileListPaths = (
				"${PODS_ROOT}/Target Support Files/Pods-SimpleOuiz-SimpleOuizUITests/Pods-SimpleOuiz-SimpleOuizUITests-frameworks-${CONFIGURATION}-input-files.xcfilelist",
			);
			name = "[CP] Embed Pods Frameworks";
			outputFileListPaths = (
				"${PODS_ROOT}/Target Support Files/Pods-SimpleOuiz-SimpleOuizUITests/Pods-SimpleOuiz-SimpleOuizUITests-frameworks-${CONFIGURATION}-output-files.xcfilelist",
			);
			runOnlyForDeploymentPostprocessing = 0;
			shellPath = /bin/sh;
			shellScript = "\"${PODS_ROOT}/Target Support Files/Pods-SimpleOuiz-SimpleOuizUITests/Pods-SimpleOuiz-SimpleOuizUITests-frameworks.sh\"\n";
			showEnvVarsInLog = 0;
		};
		8AB0124861A646D2A41FCB98 /* [CP] Check Pods Manifest.lock */ = {
			isa = PBXShellScriptBuildPhase;
			buildActionMask = 2147483647;
			files = (
			);
			inputFileListPaths = (
			);
			inputPaths = (
				"${PODS_PODFILE_DIR_PATH}/Podfile.lock",
				"${PODS_ROOT}/Manifest.lock",
			);
			name = "[CP] Check Pods Manifest.lock";
			outputFileListPaths = (
			);
			outputPaths = (
				"$(DERIVED_FILE_DIR)/Pods-SimpleOuiz-SimpleOuizUITests-checkManifestLockResult.txt",
			);
			runOnlyForDeploymentPostprocessing = 0;
			shellPath = /bin/sh;
			shellScript = "diff \"${PODS_PODFILE_DIR_PATH}/Podfile.lock\" \"${PODS_ROOT}/Manifest.lock\" > /dev/null\nif [ $? != 0 ] ; then\n    # print error to STDERR\n    echo \"error: The sandbox is not in sync with the Podfile.lock. Run 'pod install' or update your CocoaPods installation.\" >&2\n    exit 1\nfi\n# This output is used by Xcode 'outputs' to avoid re-running this script phase.\necho \"SUCCESS\" > \"${SCRIPT_OUTPUT_FILE_0}\"\n";
			showEnvVarsInLog = 0;
		};
		F548B5D0DE32E976650F931D /* [CP] Check Pods Manifest.lock */ = {
			isa = PBXShellScriptBuildPhase;
			buildActionMask = 2147483647;
			files = (
			);
			inputFileListPaths = (
			);
			inputPaths = (
				"${PODS_PODFILE_DIR_PATH}/Podfile.lock",
				"${PODS_ROOT}/Manifest.lock",
			);
			name = "[CP] Check Pods Manifest.lock";
			outputFileListPaths = (
			);
			outputPaths = (
				"$(DERIVED_FILE_DIR)/Pods-SimpleOuiz-checkManifestLockResult.txt",
			);
			runOnlyForDeploymentPostprocessing = 0;
			shellPath = /bin/sh;
			shellScript = "diff \"${PODS_PODFILE_DIR_PATH}/Podfile.lock\" \"${PODS_ROOT}/Manifest.lock\" > /dev/null\nif [ $? != 0 ] ; then\n    # print error to STDERR\n    echo \"error: The sandbox is not in sync with the Podfile.lock. Run 'pod install' or update your CocoaPods installation.\" >&2\n    exit 1\nfi\n# This output is used by Xcode 'outputs' to avoid re-running this script phase.\necho \"SUCCESS\" > \"${SCRIPT_OUTPUT_FILE_0}\"\n";
			showEnvVarsInLog = 0;
		};
/* End PBXShellScriptBuildPhase section */

/* Begin PBXSourcesBuildPhase section */
		6DA16A32284DE0350048B8CC /* Sources */ = {
			isa = PBXSourcesBuildPhase;
			buildActionMask = 2147483647;
			files = (
				6DA16A3E284DE0350048B8CC /* ViewController.swift in Sources */,
				6DA16A3A284DE0350048B8CC /* AppDelegate.swift in Sources */,
				6DA16A6C284DE2790048B8CC /* ScoreViewController.swift in Sources */,
				6DA16A3C284DE0350048B8CC /* SceneDelegate.swift in Sources */,
				6DA16A6A284DE1CE0048B8CC /* QuizViewController.swift in Sources */,
				6D06488628531BB000347F20 /* SelectLevelViewController.swift in Sources */,
			);
			runOnlyForDeploymentPostprocessing = 0;
		};
		6DA16A48284DE0370048B8CC /* Sources */ = {
			isa = PBXSourcesBuildPhase;
			buildActionMask = 2147483647;
			files = (
				6DA16A51284DE0370048B8CC /* SimpleOuizTests.swift in Sources */,
			);
			runOnlyForDeploymentPostprocessing = 0;
		};
		6DA16A52284DE0370048B8CC /* Sources */ = {
			isa = PBXSourcesBuildPhase;
			buildActionMask = 2147483647;
			files = (
				6DA16A5B284DE0370048B8CC /* SimpleOuizUITests.swift in Sources */,
				6DA16A5D284DE0370048B8CC /* SimpleOuizUITestsLaunchTests.swift in Sources */,
			);
			runOnlyForDeploymentPostprocessing = 0;
		};
/* End PBXSourcesBuildPhase section */

/* Begin PBXTargetDependency section */
		6DA16A4E284DE0370048B8CC /* PBXTargetDependency */ = {
			isa = PBXTargetDependency;
			target = 6DA16A35284DE0350048B8CC /* SimpleOuiz */;
			targetProxy = 6DA16A4D284DE0370048B8CC /* PBXContainerItemProxy */;
		};
		6DA16A58284DE0370048B8CC /* PBXTargetDependency */ = {
			isa = PBXTargetDependency;
			target = 6DA16A35284DE0350048B8CC /* SimpleOuiz */;
			targetProxy = 6DA16A57284DE0370048B8CC /* PBXContainerItemProxy */;
		};
/* End PBXTargetDependency section */

/* Begin PBXVariantGroup section */
		6DA16A3F284DE0350048B8CC /* Main.storyboard */ = {
			isa = PBXVariantGroup;
			children = (
				6DA16A40284DE0350048B8CC /* Base */,
			);
			name = Main.storyboard;
			sourceTree = "<group>";
		};
		6DA16A44284DE0370048B8CC /* LaunchScreen.storyboard */ = {
			isa = PBXVariantGroup;
			children = (
				6DA16A45284DE0370048B8CC /* Base */,
			);
			name = LaunchScreen.storyboard;
			sourceTree = "<group>";
		};
/* End PBXVariantGroup section */

/* Begin XCBuildConfiguration section */
		6DA16A5E284DE0370048B8CC /* Debug */ = {
			isa = XCBuildConfiguration;
			buildSettings = {
				ALWAYS_SEARCH_USER_PATHS = NO;
				CLANG_ANALYZER_NONNULL = YES;
				CLANG_ANALYZER_NUMBER_OBJECT_CONVERSION = YES_AGGRESSIVE;
				CLANG_CXX_LANGUAGE_STANDARD = "gnu++17";
				CLANG_CXX_LIBRARY = "libc++";
				CLANG_ENABLE_MODULES = YES;
				CLANG_ENABLE_OBJC_ARC = YES;
				CLANG_ENABLE_OBJC_WEAK = YES;
				CLANG_WARN_BLOCK_CAPTURE_AUTORELEASING = YES;
				CLANG_WARN_BOOL_CONVERSION = YES;
				CLANG_WARN_COMMA = YES;
				CLANG_WARN_CONSTANT_CONVERSION = YES;
				CLANG_WARN_DEPRECATED_OBJC_IMPLEMENTATIONS = YES;
				CLANG_WARN_DIRECT_OBJC_ISA_USAGE = YES_ERROR;
				CLANG_WARN_DOCUMENTATION_COMMENTS = YES;
				CLANG_WARN_EMPTY_BODY = YES;
				CLANG_WARN_ENUM_CONVERSION = YES;
				CLANG_WARN_INFINITE_RECURSION = YES;
				CLANG_WARN_INT_CONVERSION = YES;
				CLANG_WARN_NON_LITERAL_NULL_CONVERSION = YES;
				CLANG_WARN_OBJC_IMPLICIT_RETAIN_SELF = YES;
				CLANG_WARN_OBJC_LITERAL_CONVERSION = YES;
				CLANG_WARN_OBJC_ROOT_CLASS = YES_ERROR;
				CLANG_WARN_QUOTED_INCLUDE_IN_FRAMEWORK_HEADER = YES;
				CLANG_WARN_RANGE_LOOP_ANALYSIS = YES;
				CLANG_WARN_STRICT_PROTOTYPES = YES;
				CLANG_WARN_SUSPICIOUS_MOVE = YES;
				CLANG_WARN_UNGUARDED_AVAILABILITY = YES_AGGRESSIVE;
				CLANG_WARN_UNREACHABLE_CODE = YES;
				CLANG_WARN__DUPLICATE_METHOD_MATCH = YES;
				COPY_PHASE_STRIP = NO;
				DEBUG_INFORMATION_FORMAT = dwarf;
				ENABLE_STRICT_OBJC_MSGSEND = YES;
				ENABLE_TESTABILITY = YES;
				GCC_C_LANGUAGE_STANDARD = gnu11;
				GCC_DYNAMIC_NO_PIC = NO;
				GCC_NO_COMMON_BLOCKS = YES;
				GCC_OPTIMIZATION_LEVEL = 0;
				GCC_PREPROCESSOR_DEFINITIONS = (
					"DEBUG=1",
					"$(inherited)",
				);
				GCC_WARN_64_TO_32_BIT_CONVERSION = YES;
				GCC_WARN_ABOUT_RETURN_TYPE = YES_ERROR;
				GCC_WARN_UNDECLARED_SELECTOR = YES;
				GCC_WARN_UNINITIALIZED_AUTOS = YES_AGGRESSIVE;
				GCC_WARN_UNUSED_FUNCTION = YES;
				GCC_WARN_UNUSED_VARIABLE = YES;
				IPHONEOS_DEPLOYMENT_TARGET = 15.2;
				MTL_ENABLE_DEBUG_INFO = INCLUDE_SOURCE;
				MTL_FAST_MATH = YES;
				ONLY_ACTIVE_ARCH = YES;
				SDKROOT = iphoneos;
				SWIFT_ACTIVE_COMPILATION_CONDITIONS = DEBUG;
				SWIFT_OPTIMIZATION_LEVEL = "-Onone";
			};
			name = Debug;
		};
		6DA16A5F284DE0370048B8CC /* Release */ = {
			isa = XCBuildConfiguration;
			buildSettings = {
				ALWAYS_SEARCH_USER_PATHS = NO;
				CLANG_ANALYZER_NONNULL = YES;
				CLANG_ANALYZER_NUMBER_OBJECT_CONVERSION = YES_AGGRESSIVE;
				CLANG_CXX_LANGUAGE_STANDARD = "gnu++17";
				CLANG_CXX_LIBRARY = "libc++";
				CLANG_ENABLE_MODULES = YES;
				CLANG_ENABLE_OBJC_ARC = YES;
				CLANG_ENABLE_OBJC_WEAK = YES;
				CLANG_WARN_BLOCK_CAPTURE_AUTORELEASING = YES;
				CLANG_WARN_BOOL_CONVERSION = YES;
				CLANG_WARN_COMMA = YES;
				CLANG_WARN_CONSTANT_CONVERSION = YES;
				CLANG_WARN_DEPRECATED_OBJC_IMPLEMENTATIONS = YES;
				CLANG_WARN_DIRECT_OBJC_ISA_USAGE = YES_ERROR;
				CLANG_WARN_DOCUMENTATION_COMMENTS = YES;
				CLANG_WARN_EMPTY_BODY = YES;
				CLANG_WARN_ENUM_CONVERSION = YES;
				CLANG_WARN_INFINITE_RECURSION = YES;
				CLANG_WARN_INT_CONVERSION = YES;
				CLANG_WARN_NON_LITERAL_NULL_CONVERSION = YES;
				CLANG_WARN_OBJC_IMPLICIT_RETAIN_SELF = YES;
				CLANG_WARN_OBJC_LITERAL_CONVERSION = YES;
				CLANG_WARN_OBJC_ROOT_CLASS = YES_ERROR;
				CLANG_WARN_QUOTED_INCLUDE_IN_FRAMEWORK_HEADER = YES;
				CLANG_WARN_RANGE_LOOP_ANALYSIS = YES;
				CLANG_WARN_STRICT_PROTOTYPES = YES;
				CLANG_WARN_SUSPICIOUS_MOVE = YES;
				CLANG_WARN_UNGUARDED_AVAILABILITY = YES_AGGRESSIVE;
				CLANG_WARN_UNREACHABLE_CODE = YES;
				CLANG_WARN__DUPLICATE_METHOD_MATCH = YES;
				COPY_PHASE_STRIP = NO;
				DEBUG_INFORMATION_FORMAT = "dwarf-with-dsym";
				ENABLE_NS_ASSERTIONS = NO;
				ENABLE_STRICT_OBJC_MSGSEND = YES;
				GCC_C_LANGUAGE_STANDARD = gnu11;
				GCC_NO_COMMON_BLOCKS = YES;
				GCC_WARN_64_TO_32_BIT_CONVERSION = YES;
				GCC_WARN_ABOUT_RETURN_TYPE = YES_ERROR;
				GCC_WARN_UNDECLARED_SELECTOR = YES;
				GCC_WARN_UNINITIALIZED_AUTOS = YES_AGGRESSIVE;
				GCC_WARN_UNUSED_FUNCTION = YES;
				GCC_WARN_UNUSED_VARIABLE = YES;
				IPHONEOS_DEPLOYMENT_TARGET = 15.2;
				MTL_ENABLE_DEBUG_INFO = NO;
				MTL_FAST_MATH = YES;
				SDKROOT = iphoneos;
				SWIFT_COMPILATION_MODE = wholemodule;
				SWIFT_OPTIMIZATION_LEVEL = "-O";
				VALIDATE_PRODUCT = YES;
			};
			name = Release;
		};
		6DA16A61284DE0370048B8CC /* Debug */ = {
			isa = XCBuildConfiguration;
			baseConfigurationReference = 304BC0ACBF34D0C15D6F867C /* Pods-SimpleOuiz.debug.xcconfig */;
			buildSettings = {
				ASSETCATALOG_COMPILER_APPICON_NAME = AppIcon;
				ASSETCATALOG_COMPILER_GLOBAL_ACCENT_COLOR_NAME = AccentColor;
				CODE_SIGN_STYLE = Automatic;
				CURRENT_PROJECT_VERSION = 1;
				DEVELOPMENT_TEAM = DQQRHYJ3R5;
				GENERATE_INFOPLIST_FILE = YES;
				INFOPLIST_FILE = SimpleOuiz/Info.plist;
				INFOPLIST_KEY_UIApplicationSupportsIndirectInputEvents = YES;
				INFOPLIST_KEY_UILaunchStoryboardName = LaunchScreen;
				INFOPLIST_KEY_UIMainStoryboardFile = Main;
				INFOPLIST_KEY_UISupportedInterfaceOrientations_iPad = "UIInterfaceOrientationPortrait UIInterfaceOrientationPortraitUpsideDown UIInterfaceOrientationLandscapeLeft UIInterfaceOrientationLandscapeRight";
				INFOPLIST_KEY_UISupportedInterfaceOrientations_iPhone = "UIInterfaceOrientationPortrait UIInterfaceOrientationLandscapeLeft UIInterfaceOrientationLandscapeRight";
				LD_RUNPATH_SEARCH_PATHS = (
					"$(inherited)",
					"@executable_path/Frameworks",
				);
				MARKETING_VERSION = 1.0;
				PRODUCT_BUNDLE_IDENTIFIER = com.test.SimpleOuiz;
				PRODUCT_NAME = "$(TARGET_NAME)";
				SWIFT_EMIT_LOC_STRINGS = YES;
				SWIFT_VERSION = 5.0;
				TARGETED_DEVICE_FAMILY = "1,2";
			};
			name = Debug;
		};
		6DA16A62284DE0370048B8CC /* Release */ = {
			isa = XCBuildConfiguration;
			baseConfigurationReference = 79177102AB8CBD0BB1B4B2C8 /* Pods-SimpleOuiz.release.xcconfig */;
			buildSettings = {
				ASSETCATALOG_COMPILER_APPICON_NAME = AppIcon;
				ASSETCATALOG_COMPILER_GLOBAL_ACCENT_COLOR_NAME = AccentColor;
				CODE_SIGN_STYLE = Automatic;
				CURRENT_PROJECT_VERSION = 1;
				DEVELOPMENT_TEAM = DQQRHYJ3R5;
				GENERATE_INFOPLIST_FILE = YES;
				INFOPLIST_FILE = SimpleOuiz/Info.plist;
				INFOPLIST_KEY_UIApplicationSupportsIndirectInputEvents = YES;
				INFOPLIST_KEY_UILaunchStoryboardName = LaunchScreen;
				INFOPLIST_KEY_UIMainStoryboardFile = Main;
				INFOPLIST_KEY_UISupportedInterfaceOrientations_iPad = "UIInterfaceOrientationPortrait UIInterfaceOrientationPortraitUpsideDown UIInterfaceOrientationLandscapeLeft UIInterfaceOrientationLandscapeRight";
				INFOPLIST_KEY_UISupportedInterfaceOrientations_iPhone = "UIInterfaceOrientationPortrait UIInterfaceOrientationLandscapeLeft UIInterfaceOrientationLandscapeRight";
				LD_RUNPATH_SEARCH_PATHS = (
					"$(inherited)",
					"@executable_path/Frameworks",
				);
				MARKETING_VERSION = 1.0;
				PRODUCT_BUNDLE_IDENTIFIER = com.test.SimpleOuiz;
				PRODUCT_NAME = "$(TARGET_NAME)";
				SWIFT_EMIT_LOC_STRINGS = YES;
				SWIFT_VERSION = 5.0;
				TARGETED_DEVICE_FAMILY = "1,2";
			};
			name = Release;
		};
		6DA16A64284DE0370048B8CC /* Debug */ = {
			isa = XCBuildConfiguration;
			baseConfigurationReference = 2397DCD79E409822D317D1DD /* Pods-SimpleOuizTests.debug.xcconfig */;
			buildSettings = {
				ALWAYS_EMBED_SWIFT_STANDARD_LIBRARIES = YES;
				BUNDLE_LOADER = "$(TEST_HOST)";
				CODE_SIGN_STYLE = Automatic;
				CURRENT_PROJECT_VERSION = 1;
				DEVELOPMENT_TEAM = DQQRHYJ3R5;
				GENERATE_INFOPLIST_FILE = YES;
				IPHONEOS_DEPLOYMENT_TARGET = 15.2;
				MARKETING_VERSION = 1.0;
				PRODUCT_BUNDLE_IDENTIFIER = com.test.SimpleOuizTests;
				PRODUCT_NAME = "$(TARGET_NAME)";
				SWIFT_EMIT_LOC_STRINGS = NO;
				SWIFT_VERSION = 5.0;
				TARGETED_DEVICE_FAMILY = "1,2";
				TEST_HOST = "$(BUILT_PRODUCTS_DIR)/SimpleOuiz.app/SimpleOuiz";
			};
			name = Debug;
		};
		6DA16A65284DE0370048B8CC /* Release */ = {
			isa = XCBuildConfiguration;
			baseConfigurationReference = A1C201F3EAC347C6EE55C0D1 /* Pods-SimpleOuizTests.release.xcconfig */;
			buildSettings = {
				ALWAYS_EMBED_SWIFT_STANDARD_LIBRARIES = YES;
				BUNDLE_LOADER = "$(TEST_HOST)";
				CODE_SIGN_STYLE = Automatic;
				CURRENT_PROJECT_VERSION = 1;
				DEVELOPMENT_TEAM = DQQRHYJ3R5;
				GENERATE_INFOPLIST_FILE = YES;
				IPHONEOS_DEPLOYMENT_TARGET = 15.2;
				MARKETING_VERSION = 1.0;
				PRODUCT_BUNDLE_IDENTIFIER = com.test.SimpleOuizTests;
				PRODUCT_NAME = "$(TARGET_NAME)";
				SWIFT_EMIT_LOC_STRINGS = NO;
				SWIFT_VERSION = 5.0;
				TARGETED_DEVICE_FAMILY = "1,2";
				TEST_HOST = "$(BUILT_PRODUCTS_DIR)/SimpleOuiz.app/SimpleOuiz";
			};
			name = Release;
		};
		6DA16A67284DE0370048B8CC /* Debug */ = {
			isa = XCBuildConfiguration;
			baseConfigurationReference = 6947E02F3FF05C71BD423BD6 /* Pods-SimpleOuiz-SimpleOuizUITests.debug.xcconfig */;
			buildSettings = {
				ALWAYS_EMBED_SWIFT_STANDARD_LIBRARIES = YES;
				CODE_SIGN_STYLE = Automatic;
				CURRENT_PROJECT_VERSION = 1;
				DEVELOPMENT_TEAM = DQQRHYJ3R5;
				GENERATE_INFOPLIST_FILE = YES;
				MARKETING_VERSION = 1.0;
				PRODUCT_BUNDLE_IDENTIFIER = com.test.SimpleOuizUITests;
				PRODUCT_NAME = "$(TARGET_NAME)";
				SWIFT_EMIT_LOC_STRINGS = NO;
				SWIFT_VERSION = 5.0;
				TARGETED_DEVICE_FAMILY = "1,2";
				TEST_TARGET_NAME = SimpleOuiz;
			};
			name = Debug;
		};
		6DA16A68284DE0370048B8CC /* Release */ = {
			isa = XCBuildConfiguration;
			baseConfigurationReference = A89E3165CE64BF9C65018D54 /* Pods-SimpleOuiz-SimpleOuizUITests.release.xcconfig */;
			buildSettings = {
				ALWAYS_EMBED_SWIFT_STANDARD_LIBRARIES = YES;
				CODE_SIGN_STYLE = Automatic;
				CURRENT_PROJECT_VERSION = 1;
				DEVELOPMENT_TEAM = DQQRHYJ3R5;
				GENERATE_INFOPLIST_FILE = YES;
				MARKETING_VERSION = 1.0;
				PRODUCT_BUNDLE_IDENTIFIER = com.test.SimpleOuizUITests;
				PRODUCT_NAME = "$(TARGET_NAME)";
				SWIFT_EMIT_LOC_STRINGS = NO;
				SWIFT_VERSION = 5.0;
				TARGETED_DEVICE_FAMILY = "1,2";
				TEST_TARGET_NAME = SimpleOuiz;
			};
			name = Release;
		};
/* End XCBuildConfiguration section */

/* Begin XCConfigurationList section */
		6DA16A31284DE0350048B8CC /* Build configuration list for PBXProject "SimpleOuiz" */ = {
			isa = XCConfigurationList;
			buildConfigurations = (
				6DA16A5E284DE0370048B8CC /* Debug */,
				6DA16A5F284DE0370048B8CC /* Release */,
			);
			defaultConfigurationIsVisible = 0;
			defaultConfigurationName = Release;
		};
		6DA16A60284DE0370048B8CC /* Build configuration list for PBXNativeTarget "SimpleOuiz" */ = {
			isa = XCConfigurationList;
			buildConfigurations = (
				6DA16A61284DE0370048B8CC /* Debug */,
				6DA16A62284DE0370048B8CC /* Release */,
			);
			defaultConfigurationIsVisible = 0;
			defaultConfigurationName = Release;
		};
		6DA16A63284DE0370048B8CC /* Build configuration list for PBXNativeTarget "SimpleOuizTests" */ = {
			isa = XCConfigurationList;
			buildConfigurations = (
				6DA16A64284DE0370048B8CC /* Debug */,
				6DA16A65284DE0370048B8CC /* Release */,
			);
			defaultConfigurationIsVisible = 0;
			defaultConfigurationName = Release;
		};
		6DA16A66284DE0370048B8CC /* Build configuration list for PBXNativeTarget "SimpleOuizUITests" */ = {
			isa = XCConfigurationList;
			buildConfigurations = (
				6DA16A67284DE0370048B8CC /* Debug */,
				6DA16A68284DE0370048B8CC /* Release */,
			);
			defaultConfigurationIsVisible = 0;
			defaultConfigurationName = Release;
		};
/* End XCConfigurationList section */
	};
	rootObject = 6DA16A2E284DE0350048B8CC /* Project object */;
}
